
Microsoft Visual Studio Solution File, Format Version 12.00
# Visual Studio Version 17
VisualStudioVersion = 17.3.32901.215
MinimumVisualStudioVersion = 10.0.40219.1
Project("{9A19103F-16F7-4668-BE54-9A1E7A4F7556}") = "Models", "Models\Models.csproj", "{B142D062-4F6D-4F60-9262-DAF5C97B2F9B}"
EndProject
Project("{9A19103F-16F7-4668-BE54-9A1E7A4F7556}") = "WebApi", "WebApi\WebApi.csproj", "{61F720C2-FB39-4560-B670-58BB7F58C985}"
EndProject
Project("{9A19103F-16F7-4668-BE54-9A1E7A4F7556}") = "WebUi", "WebUi\WebUi.csproj", "{A0B95027-0FD6-4555-8EFC-D96E74359A7E}"
EndProject
Global
	GlobalSection(SolutionConfigurationPlatforms) = preSolution
		Debug|Any CPU = Debug|Any CPU
		Release|Any CPU = Release|Any CPU
	EndGlobalSection
	GlobalSection(ProjectConfigurationPlatforms) = postSolution
		{B142D062-4F6D-4F60-9262-DAF5C97B2F9B}.Debug|Any CPU.ActiveCfg = Debug|Any CPU
		{B142D062-4F6D-4F60-9262-DAF5C97B2F9B}.Debug|Any CPU.Build.0 = Debug|Any CPU
		{B142D062-4F6D-4F60-9262-DAF5C97B2F9B}.Release|Any CPU.ActiveCfg = Release|Any CPU
		{B142D062-4F6D-4F60-9262-DAF5C97B2F9B}.Release|Any CPU.Build.0 = Release|Any CPU
		{61F720C2-FB39-4560-B670-58BB7F58C985}.Debug|Any CPU.ActiveCfg = Debug|Any CPU
		{61F720C2-FB39-4560-B670-58BB7F58C985}.Debug|Any CPU.Build.0 = Debug|Any CPU
		{61F720C2-FB39-4560-B670-58BB7F58C985}.Release|Any CPU.ActiveCfg = Release|Any CPU
		{61F720C2-FB39-4560-B670-58BB7F58C985}.Release|Any CPU.Build.0 = Release|Any CPU
		{A0B95027-0FD6-4555-8EFC-D96E74359A7E}.Debug|Any CPU.ActiveCfg = Debug|Any CPU
		{A0B95027-0FD6-4555-8EFC-D96E74359A7E}.Debug|Any CPU.Build.0 = Debug|Any CPU
		{A0B95027-0FD6-4555-8EFC-D96E74359A7E}.Release|Any CPU.ActiveCfg = Release|Any CPU
		{A0B95027-0FD6-4555-8EFC-D96E74359A7E}.Release|Any CPU.Build.0 = Release|Any CPU
	EndGlobalSection
	GlobalSection(SolutionProperties) = preSolution
		HideSolutionNode = FALSE
	EndGlobalSection
	GlobalSection(ExtensibilityGlobals) = postSolution
		SolutionGuid = {996D0441-20ED-483D-93E2-10686DDB68F1}
	EndGlobalSection
EndGlobal
